// !$*UTF8*$!
{
	archiveVersion = 1;
	classes = {
	};
	objectVersion = 50;
	objects = {

/* Begin PBXBuildFile section */
		F907B6DA2603C5B600AA41ED /* BaseProvider.swift in Sources */ = {isa = PBXBuildFile; fileRef = F907B6D92603C5B600AA41ED /* BaseProvider.swift */; };
		F9511318260A5DB900F06E8D /* CategortyListView.swift in Sources */ = {isa = PBXBuildFile; fileRef = F9511317260A5DB900F06E8D /* CategortyListView.swift */; };
		F9511322260A5DFC00F06E8D /* CategoryListViewModel.swift in Sources */ = {isa = PBXBuildFile; fileRef = F9511321260A5DFC00F06E8D /* CategoryListViewModel.swift */; };
		F9511334260A615F00F06E8D /* CategoryItem.swift in Sources */ = {isa = PBXBuildFile; fileRef = F9511333260A615F00F06E8D /* CategoryItem.swift */; };
		F985A985260FBC600074BCAB /* NetworkingError.swift in Sources */ = {isa = PBXBuildFile; fileRef = F985A984260FBC600074BCAB /* NetworkingError.swift */; };
		F98978F9260CFD4200BC5F1A /* CategoryProvider.swift in Sources */ = {isa = PBXBuildFile; fileRef = F98978F8260CFD4200BC5F1A /* CategoryProvider.swift */; };
		F98AF4B2263870DC00AF91AF /* CategoryInteractor.swift in Sources */ = {isa = PBXBuildFile; fileRef = F98AF4B1263870DC00AF91AF /* CategoryInteractor.swift */; };
		F98AF4B42638724700AF91AF /* CategoryServerModel.swift in Sources */ = {isa = PBXBuildFile; fileRef = F98AF4B32638724700AF91AF /* CategoryServerModel.swift */; };
		F98AF4B6263872A900AF91AF /* CategoryBussinesModel.swift in Sources */ = {isa = PBXBuildFile; fileRef = F98AF4B5263872A900AF91AF /* CategoryBussinesModel.swift */; };
		F9A0A7A525E940A4000F7A5B /* MessageXMasApp.swift in Sources */ = {isa = PBXBuildFile; fileRef = F9A0A7A425E940A4000F7A5B /* MessageXMasApp.swift */; };
		F9A0A7A925E940A6000F7A5B /* Assets.xcassets in Resources */ = {isa = PBXBuildFile; fileRef = F9A0A7A825E940A6000F7A5B /* Assets.xcassets */; };
		F9A0A7AC25E940A6000F7A5B /* Preview Assets.xcassets in Resources */ = {isa = PBXBuildFile; fileRef = F9A0A7AB25E940A6000F7A5B /* Preview Assets.xcassets */; };
		F9A0A7B725E940A6000F7A5B /* MessageXMasTests.swift in Sources */ = {isa = PBXBuildFile; fileRef = F9A0A7B625E940A6000F7A5B /* MessageXMasTests.swift */; };
		F9A0A7C225E940A6000F7A5B /* MessageXMasUITests.swift in Sources */ = {isa = PBXBuildFile; fileRef = F9A0A7C125E940A6000F7A5B /* MessageXMasUITests.swift */; };
		F9A0A7D325E9417F000F7A5B /* CategoryRow.swift in Sources */ = {isa = PBXBuildFile; fileRef = F9A0A7D225E9417F000F7A5B /* CategoryRow.swift */; };
		F9A0A7D825E941DA000F7A5B /* CategoryView.swift in Sources */ = {isa = PBXBuildFile; fileRef = F9A0A7D725E941DA000F7A5B /* CategoryView.swift */; };
		F9A7558B263B14CE00F2755B /* CategoryAssembly.swift in Sources */ = {isa = PBXBuildFile; fileRef = F9A7558A263B14CE00F2755B /* CategoryAssembly.swift */; };
		F9A7558E263B165C00F2755B /* BaseAssembly.swift in Sources */ = {isa = PBXBuildFile; fileRef = F9A7558D263B165C00F2755B /* BaseAssembly.swift */; };
		F9A75590263B1D8700F2755B /* BaseView.swift in Sources */ = {isa = PBXBuildFile; fileRef = F9A7558F263B1D8700F2755B /* BaseView.swift */; };
		F9C5B1412614E0FA00D2125F /* BaseViewModel.swift in Sources */ = {isa = PBXBuildFile; fileRef = F9C5B1402614E0FA00D2125F /* BaseViewModel.swift */; };
		F9C5B1472614E41500D2125F /* ContentView.swift in Sources */ = {isa = PBXBuildFile; fileRef = F9C5B1462614E41500D2125F /* ContentView.swift */; };
		F9C5B14C2614E90500D2125F /* CategoryDetailView.swift in Sources */ = {isa = PBXBuildFile; fileRef = F9C5B14B2614E90500D2125F /* CategoryDetailView.swift */; };
		F9F291F326199D9500A059B8 /* BaseProviderMock.swift in Sources */ = {isa = PBXBuildFile; fileRef = F9F291F226199D9500A059B8 /* BaseProviderMock.swift */; };
/* End PBXBuildFile section */

/* Begin PBXContainerItemProxy section */
		F9A0A7B325E940A6000F7A5B /* PBXContainerItemProxy */ = {
			isa = PBXContainerItemProxy;
			containerPortal = F9A0A79925E940A4000F7A5B /* Project object */;
			proxyType = 1;
			remoteGlobalIDString = F9A0A7A025E940A4000F7A5B;
			remoteInfo = MessageXMas;
		};
		F9A0A7BE25E940A6000F7A5B /* PBXContainerItemProxy */ = {
			isa = PBXContainerItemProxy;
			containerPortal = F9A0A79925E940A4000F7A5B /* Project object */;
			proxyType = 1;
			remoteGlobalIDString = F9A0A7A025E940A4000F7A5B;
			remoteInfo = MessageXMas;
		};
/* End PBXContainerItemProxy section */

/* Begin PBXFileReference section */
		F907B6D92603C5B600AA41ED /* BaseProvider.swift */ = {isa = PBXFileReference; lastKnownFileType = sourcecode.swift; path = BaseProvider.swift; sourceTree = "<group>"; };
		F9511317260A5DB900F06E8D /* CategortyListView.swift */ = {isa = PBXFileReference; lastKnownFileType = sourcecode.swift; path = CategortyListView.swift; sourceTree = "<group>"; };
		F9511321260A5DFC00F06E8D /* CategoryListViewModel.swift */ = {isa = PBXFileReference; lastKnownFileType = sourcecode.swift; path = CategoryListViewModel.swift; sourceTree = "<group>"; };
		F9511333260A615F00F06E8D /* CategoryItem.swift */ = {isa = PBXFileReference; lastKnownFileType = sourcecode.swift; path = CategoryItem.swift; sourceTree = "<group>"; };
		F985A984260FBC600074BCAB /* NetworkingError.swift */ = {isa = PBXFileReference; lastKnownFileType = sourcecode.swift; path = NetworkingError.swift; sourceTree = "<group>"; };
		F98978F8260CFD4200BC5F1A /* CategoryProvider.swift */ = {isa = PBXFileReference; lastKnownFileType = sourcecode.swift; path = CategoryProvider.swift; sourceTree = "<group>"; };
		F98AF4B1263870DC00AF91AF /* CategoryInteractor.swift */ = {isa = PBXFileReference; lastKnownFileType = sourcecode.swift; path = CategoryInteractor.swift; sourceTree = "<group>"; };
		F98AF4B32638724700AF91AF /* CategoryServerModel.swift */ = {isa = PBXFileReference; lastKnownFileType = sourcecode.swift; path = CategoryServerModel.swift; sourceTree = "<group>"; };
		F98AF4B5263872A900AF91AF /* CategoryBussinesModel.swift */ = {isa = PBXFileReference; lastKnownFileType = sourcecode.swift; path = CategoryBussinesModel.swift; sourceTree = "<group>"; };
		F9A0A7A125E940A4000F7A5B /* MessageXMas.app */ = {isa = PBXFileReference; explicitFileType = wrapper.application; includeInIndex = 0; path = MessageXMas.app; sourceTree = BUILT_PRODUCTS_DIR; };
		F9A0A7A425E940A4000F7A5B /* MessageXMasApp.swift */ = {isa = PBXFileReference; lastKnownFileType = sourcecode.swift; path = MessageXMasApp.swift; sourceTree = "<group>"; };
		F9A0A7A825E940A6000F7A5B /* Assets.xcassets */ = {isa = PBXFileReference; lastKnownFileType = folder.assetcatalog; path = Assets.xcassets; sourceTree = "<group>"; };
		F9A0A7AB25E940A6000F7A5B /* Preview Assets.xcassets */ = {isa = PBXFileReference; lastKnownFileType = folder.assetcatalog; path = "Preview Assets.xcassets"; sourceTree = "<group>"; };
		F9A0A7AD25E940A6000F7A5B /* Info.plist */ = {isa = PBXFileReference; lastKnownFileType = text.plist.xml; path = Info.plist; sourceTree = "<group>"; };
		F9A0A7B225E940A6000F7A5B /* MessageXMasTests.xctest */ = {isa = PBXFileReference; explicitFileType = wrapper.cfbundle; includeInIndex = 0; path = MessageXMasTests.xctest; sourceTree = BUILT_PRODUCTS_DIR; };
		F9A0A7B625E940A6000F7A5B /* MessageXMasTests.swift */ = {isa = PBXFileReference; lastKnownFileType = sourcecode.swift; path = MessageXMasTests.swift; sourceTree = "<group>"; };
		F9A0A7B825E940A6000F7A5B /* Info.plist */ = {isa = PBXFileReference; lastKnownFileType = text.plist.xml; path = Info.plist; sourceTree = "<group>"; };
		F9A0A7BD25E940A6000F7A5B /* MessageXMasUITests.xctest */ = {isa = PBXFileReference; explicitFileType = wrapper.cfbundle; includeInIndex = 0; path = MessageXMasUITests.xctest; sourceTree = BUILT_PRODUCTS_DIR; };
		F9A0A7C125E940A6000F7A5B /* MessageXMasUITests.swift */ = {isa = PBXFileReference; lastKnownFileType = sourcecode.swift; path = MessageXMasUITests.swift; sourceTree = "<group>"; };
		F9A0A7C325E940A6000F7A5B /* Info.plist */ = {isa = PBXFileReference; lastKnownFileType = text.plist.xml; path = Info.plist; sourceTree = "<group>"; };
		F9A0A7D225E9417F000F7A5B /* CategoryRow.swift */ = {isa = PBXFileReference; lastKnownFileType = sourcecode.swift; path = CategoryRow.swift; sourceTree = "<group>"; };
		F9A0A7D725E941DA000F7A5B /* CategoryView.swift */ = {isa = PBXFileReference; lastKnownFileType = sourcecode.swift; path = CategoryView.swift; sourceTree = "<group>"; };
		F9A7558A263B14CE00F2755B /* CategoryAssembly.swift */ = {isa = PBXFileReference; lastKnownFileType = sourcecode.swift; path = CategoryAssembly.swift; sourceTree = "<group>"; };
		F9A7558D263B165C00F2755B /* BaseAssembly.swift */ = {isa = PBXFileReference; lastKnownFileType = sourcecode.swift; path = BaseAssembly.swift; sourceTree = "<group>"; };
		F9A7558F263B1D8700F2755B /* BaseView.swift */ = {isa = PBXFileReference; lastKnownFileType = sourcecode.swift; path = BaseView.swift; sourceTree = "<group>"; };
		F9C5B1402614E0FA00D2125F /* BaseViewModel.swift */ = {isa = PBXFileReference; lastKnownFileType = sourcecode.swift; path = BaseViewModel.swift; sourceTree = "<group>"; };
		F9C5B1462614E41500D2125F /* ContentView.swift */ = {isa = PBXFileReference; lastKnownFileType = sourcecode.swift; path = ContentView.swift; sourceTree = "<group>"; };
		F9C5B14B2614E90500D2125F /* CategoryDetailView.swift */ = {isa = PBXFileReference; lastKnownFileType = sourcecode.swift; path = CategoryDetailView.swift; sourceTree = "<group>"; };
		F9F291F226199D9500A059B8 /* BaseProviderMock.swift */ = {isa = PBXFileReference; lastKnownFileType = sourcecode.swift; path = BaseProviderMock.swift; sourceTree = "<group>"; };
/* End PBXFileReference section */

/* Begin PBXFrameworksBuildPhase section */
		F9A0A79E25E940A4000F7A5B /* Frameworks */ = {
			isa = PBXFrameworksBuildPhase;
			buildActionMask = 2147483647;
			files = (
			);
			runOnlyForDeploymentPostprocessing = 0;
		};
		F9A0A7AF25E940A6000F7A5B /* Frameworks */ = {
			isa = PBXFrameworksBuildPhase;
			buildActionMask = 2147483647;
			files = (
			);
			runOnlyForDeploymentPostprocessing = 0;
		};
		F9A0A7BA25E940A6000F7A5B /* Frameworks */ = {
			isa = PBXFrameworksBuildPhase;
			buildActionMask = 2147483647;
			files = (
			);
			runOnlyForDeploymentPostprocessing = 0;
		};
/* End PBXFrameworksBuildPhase section */

/* Begin PBXGroup section */
		F951131C260A5DBF00F06E8D /* Modules */ = {
			isa = PBXGroup;
			children = (
				F9C5B1452614E40600D2125F /* Common */,
				F9511320260A5DC600F06E8D /* Category */,
			);
			path = Modules;
			sourceTree = "<group>";
		};
		F9511320260A5DC600F06E8D /* Category */ = {
			isa = PBXGroup;
			children = (
				F951132C260A5EE300F06E8D /* Model */,
				F9511321260A5DFC00F06E8D /* CategoryListViewModel.swift */,
				F9511317260A5DB900F06E8D /* CategortyListView.swift */,
				F9C5B14B2614E90500D2125F /* CategoryDetailView.swift */,
				F98AF4B1263870DC00AF91AF /* CategoryInteractor.swift */,
			);
			path = Category;
			sourceTree = "<group>";
		};
		F951132C260A5EE300F06E8D /* Model */ = {
			isa = PBXGroup;
			children = (
				F98AF4B32638724700AF91AF /* CategoryServerModel.swift */,
				F98AF4B5263872A900AF91AF /* CategoryBussinesModel.swift */,
				F9511333260A615F00F06E8D /* CategoryItem.swift */,
			);
			path = Model;
			sourceTree = "<group>";
		};
		F98978F7260CFCEE00BC5F1A /* Provider */ = {
			isa = PBXGroup;
			children = (
				F985A984260FBC600074BCAB /* NetworkingError.swift */,
				F98978F8260CFD4200BC5F1A /* CategoryProvider.swift */,
			);
			path = Provider;
			sourceTree = "<group>";
		};
		F9A0A79825E940A4000F7A5B = {
			isa = PBXGroup;
			children = (
				F9A0A7A325E940A4000F7A5B /* MessageXMas */,
				F9A0A7B525E940A6000F7A5B /* MessageXMasTests */,
				F9A0A7C025E940A6000F7A5B /* MessageXMasUITests */,
				F9A0A7A225E940A4000F7A5B /* Products */,
			);
			sourceTree = "<group>";
		};
		F9A0A7A225E940A4000F7A5B /* Products */ = {
			isa = PBXGroup;
			children = (
				F9A0A7A125E940A4000F7A5B /* MessageXMas.app */,
				F9A0A7B225E940A6000F7A5B /* MessageXMasTests.xctest */,
				F9A0A7BD25E940A6000F7A5B /* MessageXMasUITests.xctest */,
			);
			name = Products;
			sourceTree = "<group>";
		};
		F9A0A7A325E940A4000F7A5B /* MessageXMas */ = {
			isa = PBXGroup;
			children = (
				F9C5B13F2614E0E700D2125F /* Base */,
				F9A0A7A425E940A4000F7A5B /* MessageXMasApp.swift */,
				F951131C260A5DBF00F06E8D /* Modules */,
				F98978F7260CFCEE00BC5F1A /* Provider */,
				F9A7558C263B14D800F2755B /* Assembly */,
				F9A0A7A825E940A6000F7A5B /* Assets.xcassets */,
				F9A0A7AD25E940A6000F7A5B /* Info.plist */,
				F9A0A7AA25E940A6000F7A5B /* Preview Content */,
				F9A0A7D225E9417F000F7A5B /* CategoryRow.swift */,
				F9A0A7D725E941DA000F7A5B /* CategoryView.swift */,
			);
			path = MessageXMas;
			sourceTree = "<group>";
		};
		F9A0A7AA25E940A6000F7A5B /* Preview Content */ = {
			isa = PBXGroup;
			children = (
				F9A0A7AB25E940A6000F7A5B /* Preview Assets.xcassets */,
			);
			path = "Preview Content";
			sourceTree = "<group>";
		};
		F9A0A7B525E940A6000F7A5B /* MessageXMasTests */ = {
			isa = PBXGroup;
			children = (
				F9F291F126199D8600A059B8 /* Mocks */,
				F9A0A7B625E940A6000F7A5B /* MessageXMasTests.swift */,
				F9A0A7B825E940A6000F7A5B /* Info.plist */,
			);
			path = MessageXMasTests;
			sourceTree = "<group>";
		};
		F9A0A7C025E940A6000F7A5B /* MessageXMasUITests */ = {
			isa = PBXGroup;
			children = (
				F9A0A7C125E940A6000F7A5B /* MessageXMasUITests.swift */,
				F9A0A7C325E940A6000F7A5B /* Info.plist */,
			);
			path = MessageXMasUITests;
			sourceTree = "<group>";
		};
		F9A7558C263B14D800F2755B /* Assembly */ = {
			isa = PBXGroup;
			children = (
				F9A7558A263B14CE00F2755B /* CategoryAssembly.swift */,
			);
			path = Assembly;
			sourceTree = "<group>";
		};
		F9C5B13F2614E0E700D2125F /* Base */ = {
			isa = PBXGroup;
			children = (
				F907B6D92603C5B600AA41ED /* BaseProvider.swift */,
				F9C5B1402614E0FA00D2125F /* BaseViewModel.swift */,
				F9A7558D263B165C00F2755B /* BaseAssembly.swift */,
				F9A7558F263B1D8700F2755B /* BaseView.swift */,
			);
			path = Base;
			sourceTree = "<group>";
		};
		F9C5B1452614E40600D2125F /* Common */ = {
			isa = PBXGroup;
			children = (
				F9C5B1462614E41500D2125F /* ContentView.swift */,
			);
			path = Common;
			sourceTree = "<group>";
		};
		F9F291F126199D8600A059B8 /* Mocks */ = {
			isa = PBXGroup;
			children = (
				F9F291F226199D9500A059B8 /* BaseProviderMock.swift */,
			);
			path = Mocks;
			sourceTree = "<group>";
		};
/* End PBXGroup section */

/* Begin PBXNativeTarget section */
		F9A0A7A025E940A4000F7A5B /* MessageXMas */ = {
			isa = PBXNativeTarget;
			buildConfigurationList = F9A0A7C625E940A6000F7A5B /* Build configuration list for PBXNativeTarget "MessageXMas" */;
			buildPhases = (
				F9A0A79D25E940A4000F7A5B /* Sources */,
				F9A0A79E25E940A4000F7A5B /* Frameworks */,
				F9A0A79F25E940A4000F7A5B /* Resources */,
			);
			buildRules = (
			);
			dependencies = (
			);
			name = MessageXMas;
			productName = MessageXMas;
			productReference = F9A0A7A125E940A4000F7A5B /* MessageXMas.app */;
			productType = "com.apple.product-type.application";
		};
		F9A0A7B125E940A6000F7A5B /* MessageXMasTests */ = {
			isa = PBXNativeTarget;
			buildConfigurationList = F9A0A7C925E940A6000F7A5B /* Build configuration list for PBXNativeTarget "MessageXMasTests" */;
			buildPhases = (
				F9A0A7AE25E940A6000F7A5B /* Sources */,
				F9A0A7AF25E940A6000F7A5B /* Frameworks */,
				F9A0A7B025E940A6000F7A5B /* Resources */,
			);
			buildRules = (
			);
			dependencies = (
				F9A0A7B425E940A6000F7A5B /* PBXTargetDependency */,
			);
			name = MessageXMasTests;
			productName = MessageXMasTests;
			productReference = F9A0A7B225E940A6000F7A5B /* MessageXMasTests.xctest */;
			productType = "com.apple.product-type.bundle.unit-test";
		};
		F9A0A7BC25E940A6000F7A5B /* MessageXMasUITests */ = {
			isa = PBXNativeTarget;
			buildConfigurationList = F9A0A7CC25E940A6000F7A5B /* Build configuration list for PBXNativeTarget "MessageXMasUITests" */;
			buildPhases = (
				F9A0A7B925E940A6000F7A5B /* Sources */,
				F9A0A7BA25E940A6000F7A5B /* Frameworks */,
				F9A0A7BB25E940A6000F7A5B /* Resources */,
			);
			buildRules = (
			);
			dependencies = (
				F9A0A7BF25E940A6000F7A5B /* PBXTargetDependency */,
			);
			name = MessageXMasUITests;
			productName = MessageXMasUITests;
			productReference = F9A0A7BD25E940A6000F7A5B /* MessageXMasUITests.xctest */;
			productType = "com.apple.product-type.bundle.ui-testing";
		};
/* End PBXNativeTarget section */

/* Begin PBXProject section */
		F9A0A79925E940A4000F7A5B /* Project object */ = {
			isa = PBXProject;
			attributes = {
				LastSwiftUpdateCheck = 1240;
				LastUpgradeCheck = 1240;
				TargetAttributes = {
					F9A0A7A025E940A4000F7A5B = {
						CreatedOnToolsVersion = 12.4;
					};
					F9A0A7B125E940A6000F7A5B = {
						CreatedOnToolsVersion = 12.4;
						TestTargetID = F9A0A7A025E940A4000F7A5B;
					};
					F9A0A7BC25E940A6000F7A5B = {
						CreatedOnToolsVersion = 12.4;
						TestTargetID = F9A0A7A025E940A4000F7A5B;
					};
				};
			};
			buildConfigurationList = F9A0A79C25E940A4000F7A5B /* Build configuration list for PBXProject "MessageXMas" */;
			compatibilityVersion = "Xcode 9.3";
			developmentRegion = en;
			hasScannedForEncodings = 0;
			knownRegions = (
				en,
				Base,
			);
			mainGroup = F9A0A79825E940A4000F7A5B;
			productRefGroup = F9A0A7A225E940A4000F7A5B /* Products */;
			projectDirPath = "";
			projectRoot = "";
			targets = (
				F9A0A7A025E940A4000F7A5B /* MessageXMas */,
				F9A0A7B125E940A6000F7A5B /* MessageXMasTests */,
				F9A0A7BC25E940A6000F7A5B /* MessageXMasUITests */,
			);
		};
/* End PBXProject section */

/* Begin PBXResourcesBuildPhase section */
		F9A0A79F25E940A4000F7A5B /* Resources */ = {
			isa = PBXResourcesBuildPhase;
			buildActionMask = 2147483647;
			files = (
				F9A0A7AC25E940A6000F7A5B /* Preview Assets.xcassets in Resources */,
				F9A0A7A925E940A6000F7A5B /* Assets.xcassets in Resources */,
			);
			runOnlyForDeploymentPostprocessing = 0;
		};
		F9A0A7B025E940A6000F7A5B /* Resources */ = {
			isa = PBXResourcesBuildPhase;
			buildActionMask = 2147483647;
			files = (
			);
			runOnlyForDeploymentPostprocessing = 0;
		};
		F9A0A7BB25E940A6000F7A5B /* Resources */ = {
			isa = PBXResourcesBuildPhase;
			buildActionMask = 2147483647;
			files = (
			);
			runOnlyForDeploymentPostprocessing = 0;
		};
/* End PBXResourcesBuildPhase section */

/* Begin PBXSourcesBuildPhase section */
		F9A0A79D25E940A4000F7A5B /* Sources */ = {
			isa = PBXSourcesBuildPhase;
			buildActionMask = 2147483647;
			files = (
				F98AF4B42638724700AF91AF /* CategoryServerModel.swift in Sources */,
				F907B6DA2603C5B600AA41ED /* BaseProvider.swift in Sources */,
				F9C5B1412614E0FA00D2125F /* BaseViewModel.swift in Sources */,
				F9C5B1472614E41500D2125F /* ContentView.swift in Sources */,
				F9A0A7A525E940A4000F7A5B /* MessageXMasApp.swift in Sources */,
				F98978F9260CFD4200BC5F1A /* CategoryProvider.swift in Sources */,
				F9A0A7D825E941DA000F7A5B /* CategoryView.swift in Sources */,
				F985A985260FBC600074BCAB /* NetworkingError.swift in Sources */,
				F98AF4B6263872A900AF91AF /* CategoryBussinesModel.swift in Sources */,
				F9511334260A615F00F06E8D /* CategoryItem.swift in Sources */,
				F9511322260A5DFC00F06E8D /* CategoryListViewModel.swift in Sources */,
				F9A0A7D325E9417F000F7A5B /* CategoryRow.swift in Sources */,
				F98AF4B2263870DC00AF91AF /* CategoryInteractor.swift in Sources */,
				F9511318260A5DB900F06E8D /* CategortyListView.swift in Sources */,
				F9A7558E263B165C00F2755B /* BaseAssembly.swift in Sources */,
				F9A75590263B1D8700F2755B /* BaseView.swift in Sources */,
				F9C5B14C2614E90500D2125F /* CategoryDetailView.swift in Sources */,
				F9A7558B263B14CE00F2755B /* CategoryAssembly.swift in Sources */,
			);
			runOnlyForDeploymentPostprocessing = 0;
		};
		F9A0A7AE25E940A6000F7A5B /* Sources */ = {
			isa = PBXSourcesBuildPhase;
			buildActionMask = 2147483647;
			files = (
				F9A0A7B725E940A6000F7A5B /* MessageXMasTests.swift in Sources */,
				F9F291F326199D9500A059B8 /* BaseProviderMock.swift in Sources */,
			);
			runOnlyForDeploymentPostprocessing = 0;
		};
		F9A0A7B925E940A6000F7A5B /* Sources */ = {
			isa = PBXSourcesBuildPhase;
			buildActionMask = 2147483647;
			files = (
				F9A0A7C225E940A6000F7A5B /* MessageXMasUITests.swift in Sources */,
			);
			runOnlyForDeploymentPostprocessing = 0;
		};
/* End PBXSourcesBuildPhase section */

/* Begin PBXTargetDependency section */
		F9A0A7B425E940A6000F7A5B /* PBXTargetDependency */ = {
			isa = PBXTargetDependency;
			target = F9A0A7A025E940A4000F7A5B /* MessageXMas */;
			targetProxy = F9A0A7B325E940A6000F7A5B /* PBXContainerItemProxy */;
		};
		F9A0A7BF25E940A6000F7A5B /* PBXTargetDependency */ = {
			isa = PBXTargetDependency;
			target = F9A0A7A025E940A4000F7A5B /* MessageXMas */;
			targetProxy = F9A0A7BE25E940A6000F7A5B /* PBXContainerItemProxy */;
		};
/* End PBXTargetDependency section */

/* Begin XCBuildConfiguration section */
		F9A0A7C425E940A6000F7A5B /* Debug */ = {
			isa = XCBuildConfiguration;
			buildSettings = {
				ALWAYS_SEARCH_USER_PATHS = NO;
				CLANG_ANALYZER_NONNULL = YES;
				CLANG_ANALYZER_NUMBER_OBJECT_CONVERSION = YES_AGGRESSIVE;
				CLANG_CXX_LANGUAGE_STANDARD = "gnu++14";
				CLANG_CXX_LIBRARY = "libc++";
				CLANG_ENABLE_MODULES = YES;
				CLANG_ENABLE_OBJC_ARC = YES;
				CLANG_ENABLE_OBJC_WEAK = YES;
				CLANG_WARN_BLOCK_CAPTURE_AUTORELEASING = YES;
				CLANG_WARN_BOOL_CONVERSION = YES;
				CLANG_WARN_COMMA = YES;
				CLANG_WARN_CONSTANT_CONVERSION = YES;
				CLANG_WARN_DEPRECATED_OBJC_IMPLEMENTATIONS = YES;
				CLANG_WARN_DIRECT_OBJC_ISA_USAGE = YES_ERROR;
				CLANG_WARN_DOCUMENTATION_COMMENTS = YES;
				CLANG_WARN_EMPTY_BODY = YES;
				CLANG_WARN_ENUM_CONVERSION = YES;
				CLANG_WARN_INFINITE_RECURSION = YES;
				CLANG_WARN_INT_CONVERSION = YES;
				CLANG_WARN_NON_LITERAL_NULL_CONVERSION = YES;
				CLANG_WARN_OBJC_IMPLICIT_RETAIN_SELF = YES;
				CLANG_WARN_OBJC_LITERAL_CONVERSION = YES;
				CLANG_WARN_OBJC_ROOT_CLASS = YES_ERROR;
				CLANG_WARN_QUOTED_INCLUDE_IN_FRAMEWORK_HEADER = YES;
				CLANG_WARN_RANGE_LOOP_ANALYSIS = YES;
				CLANG_WARN_STRICT_PROTOTYPES = YES;
				CLANG_WARN_SUSPICIOUS_MOVE = YES;
				CLANG_WARN_UNGUARDED_AVAILABILITY = YES_AGGRESSIVE;
				CLANG_WARN_UNREACHABLE_CODE = YES;
				CLANG_WARN__DUPLICATE_METHOD_MATCH = YES;
				COPY_PHASE_STRIP = NO;
				DEBUG_INFORMATION_FORMAT = dwarf;
				ENABLE_STRICT_OBJC_MSGSEND = YES;
				ENABLE_TESTABILITY = YES;
				GCC_C_LANGUAGE_STANDARD = gnu11;
				GCC_DYNAMIC_NO_PIC = NO;
				GCC_NO_COMMON_BLOCKS = YES;
				GCC_OPTIMIZATION_LEVEL = 0;
				GCC_PREPROCESSOR_DEFINITIONS = (
					"DEBUG=1",
					"$(inherited)",
				);
				GCC_WARN_64_TO_32_BIT_CONVERSION = YES;
				GCC_WARN_ABOUT_RETURN_TYPE = YES_ERROR;
				GCC_WARN_UNDECLARED_SELECTOR = YES;
				GCC_WARN_UNINITIALIZED_AUTOS = YES_AGGRESSIVE;
				GCC_WARN_UNUSED_FUNCTION = YES;
				GCC_WARN_UNUSED_VARIABLE = YES;
				IPHONEOS_DEPLOYMENT_TARGET = 14.4;
				MTL_ENABLE_DEBUG_INFO = INCLUDE_SOURCE;
				MTL_FAST_MATH = YES;
				ONLY_ACTIVE_ARCH = YES;
				SDKROOT = iphoneos;
				SWIFT_ACTIVE_COMPILATION_CONDITIONS = DEBUG;
				SWIFT_OPTIMIZATION_LEVEL = "-Onone";
			};
			name = Debug;
		};
		F9A0A7C525E940A6000F7A5B /* Release */ = {
			isa = XCBuildConfiguration;
			buildSettings = {
				ALWAYS_SEARCH_USER_PATHS = NO;
				CLANG_ANALYZER_NONNULL = YES;
				CLANG_ANALYZER_NUMBER_OBJECT_CONVERSION = YES_AGGRESSIVE;
				CLANG_CXX_LANGUAGE_STANDARD = "gnu++14";
				CLANG_CXX_LIBRARY = "libc++";
				CLANG_ENABLE_MODULES = YES;
				CLANG_ENABLE_OBJC_ARC = YES;
				CLANG_ENABLE_OBJC_WEAK = YES;
				CLANG_WARN_BLOCK_CAPTURE_AUTORELEASING = YES;
				CLANG_WARN_BOOL_CONVERSION = YES;
				CLANG_WARN_COMMA = YES;
				CLANG_WARN_CONSTANT_CONVERSION = YES;
				CLANG_WARN_DEPRECATED_OBJC_IMPLEMENTATIONS = YES;
				CLANG_WARN_DIRECT_OBJC_ISA_USAGE = YES_ERROR;
				CLANG_WARN_DOCUMENTATION_COMMENTS = YES;
				CLANG_WARN_EMPTY_BODY = YES;
				CLANG_WARN_ENUM_CONVERSION = YES;
				CLANG_WARN_INFINITE_RECURSION = YES;
				CLANG_WARN_INT_CONVERSION = YES;
				CLANG_WARN_NON_LITERAL_NULL_CONVERSION = YES;
				CLANG_WARN_OBJC_IMPLICIT_RETAIN_SELF = YES;
				CLANG_WARN_OBJC_LITERAL_CONVERSION = YES;
				CLANG_WARN_OBJC_ROOT_CLASS = YES_ERROR;
				CLANG_WARN_QUOTED_INCLUDE_IN_FRAMEWORK_HEADER = YES;
				CLANG_WARN_RANGE_LOOP_ANALYSIS = YES;
				CLANG_WARN_STRICT_PROTOTYPES = YES;
				CLANG_WARN_SUSPICIOUS_MOVE = YES;
				CLANG_WARN_UNGUARDED_AVAILABILITY = YES_AGGRESSIVE;
				CLANG_WARN_UNREACHABLE_CODE = YES;
				CLANG_WARN__DUPLICATE_METHOD_MATCH = YES;
				COPY_PHASE_STRIP = NO;
				DEBUG_INFORMATION_FORMAT = "dwarf-with-dsym";
				ENABLE_NS_ASSERTIONS = NO;
				ENABLE_STRICT_OBJC_MSGSEND = YES;
				GCC_C_LANGUAGE_STANDARD = gnu11;
				GCC_NO_COMMON_BLOCKS = YES;
				GCC_WARN_64_TO_32_BIT_CONVERSION = YES;
				GCC_WARN_ABOUT_RETURN_TYPE = YES_ERROR;
				GCC_WARN_UNDECLARED_SELECTOR = YES;
				GCC_WARN_UNINITIALIZED_AUTOS = YES_AGGRESSIVE;
				GCC_WARN_UNUSED_FUNCTION = YES;
				GCC_WARN_UNUSED_VARIABLE = YES;
				IPHONEOS_DEPLOYMENT_TARGET = 14.4;
				MTL_ENABLE_DEBUG_INFO = NO;
				MTL_FAST_MATH = YES;
				SDKROOT = iphoneos;
				SWIFT_COMPILATION_MODE = wholemodule;
				SWIFT_OPTIMIZATION_LEVEL = "-O";
				VALIDATE_PRODUCT = YES;
			};
			name = Release;
		};
		F9A0A7C725E940A6000F7A5B /* Debug */ = {
			isa = XCBuildConfiguration;
			buildSettings = {
				ASSETCATALOG_COMPILER_APPICON_NAME = AppIcon;
				ASSETCATALOG_COMPILER_GLOBAL_ACCENT_COLOR_NAME = AccentColor;
				CODE_SIGN_STYLE = Automatic;
				DEVELOPMENT_ASSET_PATHS = "\"MessageXMas/Preview Content\"";
				DEVELOPMENT_TEAM = P8XZ659874;
				ENABLE_PREVIEWS = YES;
				INFOPLIST_FILE = MessageXMas/Info.plist;
				IPHONEOS_DEPLOYMENT_TARGET = 14.0;
				LD_RUNPATH_SEARCH_PATHS = (
					"$(inherited)",
					"@executable_path/Frameworks",
				);
				PRODUCT_BUNDLE_IDENTIFIER = com.alfonsomiranda.MessageXMas;
				PRODUCT_NAME = "$(TARGET_NAME)";
				SWIFT_VERSION = 5.0;
				TARGETED_DEVICE_FAMILY = "1,2";
			};
			name = Debug;
		};
		F9A0A7C825E940A6000F7A5B /* Release */ = {
			isa = XCBuildConfiguration;
			buildSettings = {
				ASSETCATALOG_COMPILER_APPICON_NAME = AppIcon;
				ASSETCATALOG_COMPILER_GLOBAL_ACCENT_COLOR_NAME = AccentColor;
				CODE_SIGN_STYLE = Automatic;
				DEVELOPMENT_ASSET_PATHS = "\"MessageXMas/Preview Content\"";
				DEVELOPMENT_TEAM = P8XZ659874;
				ENABLE_PREVIEWS = YES;
				INFOPLIST_FILE = MessageXMas/Info.plist;
				IPHONEOS_DEPLOYMENT_TARGET = 14.0;
				LD_RUNPATH_SEARCH_PATHS = (
					"$(inherited)",
					"@executable_path/Frameworks",
				);
				PRODUCT_BUNDLE_IDENTIFIER = com.alfonsomiranda.MessageXMas;
				PRODUCT_NAME = "$(TARGET_NAME)";
				SWIFT_VERSION = 5.0;
				TARGETED_DEVICE_FAMILY = "1,2";
			};
			name = Release;
		};
		F9A0A7CA25E940A6000F7A5B /* Debug */ = {
			isa = XCBuildConfiguration;
			buildSettings = {
				ALWAYS_EMBED_SWIFT_STANDARD_LIBRARIES = YES;
				BUNDLE_LOADER = "$(TEST_HOST)";
				CODE_SIGN_STYLE = Automatic;
				DEVELOPMENT_TEAM = P8XZ659874;
				INFOPLIST_FILE = MessageXMasTests/Info.plist;
				IPHONEOS_DEPLOYMENT_TARGET = 14.0;
				LD_RUNPATH_SEARCH_PATHS = (
					"$(inherited)",
					"@executable_path/Frameworks",
					"@loader_path/Frameworks",
				);
				PRODUCT_BUNDLE_IDENTIFIER = com.alfonsomiranda.MessageXMasTests;
				PRODUCT_NAME = "$(TARGET_NAME)";
				SWIFT_VERSION = 5.0;
				TARGETED_DEVICE_FAMILY = "1,2";
				TEST_HOST = "$(BUILT_PRODUCTS_DIR)/MessageXMas.app/MessageXMas";
			};
			name = Debug;
		};
		F9A0A7CB25E940A6000F7A5B /* Release */ = {
			isa = XCBuildConfiguration;
			buildSettings = {
				ALWAYS_EMBED_SWIFT_STANDARD_LIBRARIES = YES;
				BUNDLE_LOADER = "$(TEST_HOST)";
				CODE_SIGN_STYLE = Automatic;
				DEVELOPMENT_TEAM = P8XZ659874;
				INFOPLIST_FILE = MessageXMasTests/Info.plist;
				IPHONEOS_DEPLOYMENT_TARGET = 14.0;
				LD_RUNPATH_SEARCH_PATHS = (
					"$(inherited)",
					"@executable_path/Frameworks",
					"@loader_path/Frameworks",
				);
				PRODUCT_BUNDLE_IDENTIFIER = com.alfonsomiranda.MessageXMasTests;
				PRODUCT_NAME = "$(TARGET_NAME)";
				SWIFT_VERSION = 5.0;
				TARGETED_DEVICE_FAMILY = "1,2";
				TEST_HOST = "$(BUILT_PRODUCTS_DIR)/MessageXMas.app/MessageXMas";
			};
			name = Release;
		};
		F9A0A7CD25E940A6000F7A5B /* Debug */ = {
			isa = XCBuildConfiguration;
			buildSettings = {
				ALWAYS_EMBED_SWIFT_STANDARD_LIBRARIES = YES;
				CODE_SIGN_STYLE = Automatic;
				DEVELOPMENT_TEAM = P8XZ659874;
				INFOPLIST_FILE = MessageXMasUITests/Info.plist;
				LD_RUNPATH_SEARCH_PATHS = (
					"$(inherited)",
					"@executable_path/Frameworks",
					"@loader_path/Frameworks",
				);
				PRODUCT_BUNDLE_IDENTIFIER = com.alfonsomiranda.MessageXMasUITests;
				PRODUCT_NAME = "$(TARGET_NAME)";
				SWIFT_VERSION = 5.0;
				TARGETED_DEVICE_FAMILY = "1,2";
				TEST_TARGET_NAME = MessageXMas;
			};
			name = Debug;
		};
		F9A0A7CE25E940A6000F7A5B /* Release */ = {
			isa = XCBuildConfiguration;
			buildSettings = {
				ALWAYS_EMBED_SWIFT_STANDARD_LIBRARIES = YES;
				CODE_SIGN_STYLE = Automatic;
				DEVELOPMENT_TEAM = P8XZ659874;
				INFOPLIST_FILE = MessageXMasUITests/Info.plist;
				LD_RUNPATH_SEARCH_PATHS = (
					"$(inherited)",
					"@executable_path/Frameworks",
					"@loader_path/Frameworks",
				);
				PRODUCT_BUNDLE_IDENTIFIER = com.alfonsomiranda.MessageXMasUITests;
				PRODUCT_NAME = "$(TARGET_NAME)";
				SWIFT_VERSION = 5.0;
				TARGETED_DEVICE_FAMILY = "1,2";
				TEST_TARGET_NAME = MessageXMas;
			};
			name = Release;
		};
/* End XCBuildConfiguration section */

/* Begin XCConfigurationList section */
		F9A0A79C25E940A4000F7A5B /* Build configuration list for PBXProject "MessageXMas" */ = {
			isa = XCConfigurationList;
			buildConfigurations = (
				F9A0A7C425E940A6000F7A5B /* Debug */,
				F9A0A7C525E940A6000F7A5B /* Release */,
			);
			defaultConfigurationIsVisible = 0;
			defaultConfigurationName = Release;
		};
		F9A0A7C625E940A6000F7A5B /* Build configuration list for PBXNativeTarget "MessageXMas" */ = {
			isa = XCConfigurationList;
			buildConfigurations = (
				F9A0A7C725E940A6000F7A5B /* Debug */,
				F9A0A7C825E940A6000F7A5B /* Release */,
			);
			defaultConfigurationIsVisible = 0;
			defaultConfigurationName = Release;
		};
		F9A0A7C925E940A6000F7A5B /* Build configuration list for PBXNativeTarget "MessageXMasTests" */ = {
			isa = XCConfigurationList;
			buildConfigurations = (
				F9A0A7CA25E940A6000F7A5B /* Debug */,
				F9A0A7CB25E940A6000F7A5B /* Release */,
			);
			defaultConfigurationIsVisible = 0;
			defaultConfigurationName = Release;
		};
		F9A0A7CC25E940A6000F7A5B /* Build configuration list for PBXNativeTarget "MessageXMasUITests" */ = {
			isa = XCConfigurationList;
			buildConfigurations = (
				F9A0A7CD25E940A6000F7A5B /* Debug */,
				F9A0A7CE25E940A6000F7A5B /* Release */,
			);
			defaultConfigurationIsVisible = 0;
			defaultConfigurationName = Release;
		};
/* End XCConfigurationList section */
	};
	rootObject = F9A0A79925E940A4000F7A5B /* Project object */;
}
